
Microsoft Visual Studio Solution File, Format Version 12.00
# Visual Studio 15
VisualStudioVersion = 15.0.28010.2016
MinimumVisualStudioVersion = 10.0.40219.1
Project("{8BC9CEB8-8B4A-11D0-8D11-00A0C91BC942}") = "Dylan_Poppiti_DataStruct_HW_4", "Dylan_Poppiti_DataStruct_HW_4\Dylan_Poppiti_DataStruct_HW_4.vcxproj", "{FEDC90AB-D570-49EB-8B8E-C8C421499D99}"
EndProject
Global
	GlobalSection(SolutionConfigurationPlatforms) = preSolution
		Debug|x64 = Debug|x64
		Debug|x86 = Debug|x86
		Release|x64 = Release|x64
		Release|x86 = Release|x86
	EndGlobalSection
	GlobalSection(ProjectConfigurationPlatforms) = postSolution
		{FEDC90AB-D570-49EB-8B8E-C8C421499D99}.Debug|x64.ActiveCfg = Debug|x64
		{FEDC90AB-D570-49EB-8B8E-C8C421499D99}.Debug|x64.Build.0 = Debug|x64
		{FEDC90AB-D570-49EB-8B8E-C8C421499D99}.Debug|x86.ActiveCfg = Debug|Win32
		{FEDC90AB-D570-49EB-8B8E-C8C421499D99}.Debug|x86.Build.0 = Debug|Win32
		{FEDC90AB-D570-49EB-8B8E-C8C421499D99}.Release|x64.ActiveCfg = Release|x64
		{FEDC90AB-D570-49EB-8B8E-C8C421499D99}.Release|x64.Build.0 = Release|x64
		{FEDC90AB-D570-49EB-8B8E-C8C421499D99}.Release|x86.ActiveCfg = Release|Win32
		{FEDC90AB-D570-49EB-8B8E-C8C421499D99}.Release|x86.Build.0 = Release|Win32
	EndGlobalSection
	GlobalSection(SolutionProperties) = preSolution
		HideSolutionNode = FALSE
	EndGlobalSection
	GlobalSection(ExtensibilityGlobals) = postSolution
		SolutionGuid = {C87C53F2-5B29-47CA-B7FD-46BCBE55D09C}
	EndGlobalSection
EndGlobal
